
Microsoft Visual Studio Solution File, Format Version 12.00
# Visual Studio Version 16
VisualStudioVersion = 16.0.30523.141
MinimumVisualStudioVersion = 10.0.40219.1
Project("{FAE04EC0-301F-11D3-BF4B-00C04F79EFBC}") = "10-28ClassworkBranching", "10-28ClassworkBranching.csproj", "{800A0007-9BB7-4CB2-ACDE-401CF81B9B9B}"
EndProject
Global
	GlobalSection(SolutionConfigurationPlatforms) = preSolution
		Debug|Any CPU = Debug|Any CPU
		Release|Any CPU = Release|Any CPU
	EndGlobalSection
	GlobalSection(ProjectConfigurationPlatforms) = postSolution
		{800A0007-9BB7-4CB2-ACDE-401CF81B9B9B}.Debug|Any CPU.ActiveCfg = Debug|Any CPU
		{800A0007-9BB7-4CB2-ACDE-401CF81B9B9B}.Debug|Any CPU.Build.0 = Debug|Any CPU
		{800A0007-9BB7-4CB2-ACDE-401CF81B9B9B}.Release|Any CPU.ActiveCfg = Release|Any CPU
		{800A0007-9BB7-4CB2-ACDE-401CF81B9B9B}.Release|Any CPU.Build.0 = Release|Any CPU
	EndGlobalSection
	GlobalSection(SolutionProperties) = preSolution
		HideSolutionNode = FALSE
	EndGlobalSection
	GlobalSection(ExtensibilityGlobals) = postSolution
		SolutionGuid = {BE6F7F80-8642-4ABA-8BC1-C1CDADDB4620}
	EndGlobalSection
EndGlobal
